// !$*UTF8*$!
{
	archiveVersion = 1;
	classes = {
	};
	objectVersion = 50;
	objects = {

/* Begin PBXBuildFile section */
		385EEA0821360C35006764A4 /* MainViewController.swift in Sources */ = {isa = PBXBuildFile; fileRef = 385EEA0721360C35006764A4 /* MainViewController.swift */; };
		445C24AE2125F2F200955FAF /* AppDelegate.swift in Sources */ = {isa = PBXBuildFile; fileRef = 445C24AD2125F2F200955FAF /* AppDelegate.swift */; };
		445C24B32125F2F200955FAF /* Main.storyboard in Resources */ = {isa = PBXBuildFile; fileRef = 445C24B12125F2F200955FAF /* Main.storyboard */; };
		445C24B52125F2F300955FAF /* Assets.xcassets in Resources */ = {isa = PBXBuildFile; fileRef = 445C24B42125F2F300955FAF /* Assets.xcassets */; };
		445C24B82125F2F300955FAF /* LaunchScreen.storyboard in Resources */ = {isa = PBXBuildFile; fileRef = 445C24B62125F2F300955FAF /* LaunchScreen.storyboard */; };
		445C24C32125F2F400955FAF /* letsMeetTests.swift in Sources */ = {isa = PBXBuildFile; fileRef = 445C24C22125F2F400955FAF /* letsMeetTests.swift */; };
		445C24CE2125F2F400955FAF /* letsMeetUITests.swift in Sources */ = {isa = PBXBuildFile; fileRef = 445C24CD2125F2F400955FAF /* letsMeetUITests.swift */; };
		446EE9532139B10000F639AA /* LoginViewController.swift in Sources */ = {isa = PBXBuildFile; fileRef = 446EE9522139B10000F639AA /* LoginViewController.swift */; };
		446EE9552139B3A900F639AA /* User.swift in Sources */ = {isa = PBXBuildFile; fileRef = 446EE9542139B3A900F639AA /* User.swift */; };
		446EE9572139B7CE00F639AA /* Event.swift in Sources */ = {isa = PBXBuildFile; fileRef = 446EE9562139B7CE00F639AA /* Event.swift */; };
		446EE95B2139B8B700F639AA /* SignUpViewController.swift in Sources */ = {isa = PBXBuildFile; fileRef = 446EE95A2139B8B700F639AA /* SignUpViewController.swift */; };
		455E396ECA7BFD5754B2DE7C /* Pods_letsMeet.framework in Frameworks */ = {isa = PBXBuildFile; fileRef = 71B40AD442F6FD027B8CE89A /* Pods_letsMeet.framework */; };
		8D2758661A9BD33BC9DB9A1C /* Pods_letsMeetUITests.framework in Frameworks */ = {isa = PBXBuildFile; fileRef = EE53E8811A31232CEFA8A62C /* Pods_letsMeetUITests.framework */; };
		CCC1192FDCE106C40DA17E9C /* Pods_letsMeetTests.framework in Frameworks */ = {isa = PBXBuildFile; fileRef = 76C5CA48490573563860A2BA /* Pods_letsMeetTests.framework */; };
/* End PBXBuildFile section */

/* Begin PBXContainerItemProxy section */
		445C24BF2125F2F400955FAF /* PBXContainerItemProxy */ = {
			isa = PBXContainerItemProxy;
			containerPortal = 445C24A22125F2F200955FAF /* Project object */;
			proxyType = 1;
			remoteGlobalIDString = 445C24A92125F2F200955FAF;
			remoteInfo = letsMeet;
		};
		445C24CA2125F2F400955FAF /* PBXContainerItemProxy */ = {
			isa = PBXContainerItemProxy;
			containerPortal = 445C24A22125F2F200955FAF /* Project object */;
			proxyType = 1;
			remoteGlobalIDString = 445C24A92125F2F200955FAF;
			remoteInfo = letsMeet;
		};
/* End PBXContainerItemProxy section */

/* Begin PBXFileReference section */
		09E824D63E594E607387791C /* Pods-letsMeetTests.debug.xcconfig */ = {isa = PBXFileReference; includeInIndex = 1; lastKnownFileType = text.xcconfig; name = "Pods-letsMeetTests.debug.xcconfig"; path = "Pods/Target Support Files/Pods-letsMeetTests/Pods-letsMeetTests.debug.xcconfig"; sourceTree = "<group>"; };
		3466BD9C459A672B141DC35F /* Pods-letsMeetUITests.debug.xcconfig */ = {isa = PBXFileReference; includeInIndex = 1; lastKnownFileType = text.xcconfig; name = "Pods-letsMeetUITests.debug.xcconfig"; path = "Pods/Target Support Files/Pods-letsMeetUITests/Pods-letsMeetUITests.debug.xcconfig"; sourceTree = "<group>"; };
		385EEA0721360C35006764A4 /* MainViewController.swift */ = {isa = PBXFileReference; lastKnownFileType = sourcecode.swift; path = MainViewController.swift; sourceTree = "<group>"; };
		445C24AA2125F2F200955FAF /* letsMeet.app */ = {isa = PBXFileReference; explicitFileType = wrapper.application; includeInIndex = 0; path = letsMeet.app; sourceTree = BUILT_PRODUCTS_DIR; };
		445C24AD2125F2F200955FAF /* AppDelegate.swift */ = {isa = PBXFileReference; lastKnownFileType = sourcecode.swift; path = AppDelegate.swift; sourceTree = "<group>"; };
		445C24B22125F2F200955FAF /* Base */ = {isa = PBXFileReference; lastKnownFileType = file.storyboard; name = Base; path = Base.lproj/Main.storyboard; sourceTree = "<group>"; };
		445C24B42125F2F300955FAF /* Assets.xcassets */ = {isa = PBXFileReference; lastKnownFileType = folder.assetcatalog; path = Assets.xcassets; sourceTree = "<group>"; };
		445C24B72125F2F300955FAF /* Base */ = {isa = PBXFileReference; lastKnownFileType = file.storyboard; name = Base; path = Base.lproj/LaunchScreen.storyboard; sourceTree = "<group>"; };
		445C24B92125F2F300955FAF /* Info.plist */ = {isa = PBXFileReference; lastKnownFileType = text.plist.xml; path = Info.plist; sourceTree = "<group>"; };
		445C24BE2125F2F400955FAF /* letsMeetTests.xctest */ = {isa = PBXFileReference; explicitFileType = wrapper.cfbundle; includeInIndex = 0; path = letsMeetTests.xctest; sourceTree = BUILT_PRODUCTS_DIR; };
		445C24C22125F2F400955FAF /* letsMeetTests.swift */ = {isa = PBXFileReference; lastKnownFileType = sourcecode.swift; path = letsMeetTests.swift; sourceTree = "<group>"; };
		445C24C42125F2F400955FAF /* Info.plist */ = {isa = PBXFileReference; lastKnownFileType = text.plist.xml; path = Info.plist; sourceTree = "<group>"; };
		445C24C92125F2F400955FAF /* letsMeetUITests.xctest */ = {isa = PBXFileReference; explicitFileType = wrapper.cfbundle; includeInIndex = 0; path = letsMeetUITests.xctest; sourceTree = BUILT_PRODUCTS_DIR; };
		445C24CD2125F2F400955FAF /* letsMeetUITests.swift */ = {isa = PBXFileReference; lastKnownFileType = sourcecode.swift; path = letsMeetUITests.swift; sourceTree = "<group>"; };
		445C24CF2125F2F400955FAF /* Info.plist */ = {isa = PBXFileReference; lastKnownFileType = text.plist.xml; path = Info.plist; sourceTree = "<group>"; };
		446EE9522139B10000F639AA /* LoginViewController.swift */ = {isa = PBXFileReference; lastKnownFileType = sourcecode.swift; path = LoginViewController.swift; sourceTree = "<group>"; };
		446EE9542139B3A900F639AA /* User.swift */ = {isa = PBXFileReference; lastKnownFileType = sourcecode.swift; path = User.swift; sourceTree = "<group>"; };
		446EE9562139B7CE00F639AA /* Event.swift */ = {isa = PBXFileReference; lastKnownFileType = sourcecode.swift; path = Event.swift; sourceTree = "<group>"; };
		446EE95A2139B8B700F639AA /* SignUpViewController.swift */ = {isa = PBXFileReference; lastKnownFileType = sourcecode.swift; path = SignUpViewController.swift; sourceTree = "<group>"; };
		71B40AD442F6FD027B8CE89A /* Pods_letsMeet.framework */ = {isa = PBXFileReference; explicitFileType = wrapper.framework; includeInIndex = 0; path = Pods_letsMeet.framework; sourceTree = BUILT_PRODUCTS_DIR; };
		73C8926E1F13A5EFF6BC5852 /* Pods-letsMeet.debug.xcconfig */ = {isa = PBXFileReference; includeInIndex = 1; lastKnownFileType = text.xcconfig; name = "Pods-letsMeet.debug.xcconfig"; path = "Pods/Target Support Files/Pods-letsMeet/Pods-letsMeet.debug.xcconfig"; sourceTree = "<group>"; };
		76C5CA48490573563860A2BA /* Pods_letsMeetTests.framework */ = {isa = PBXFileReference; explicitFileType = wrapper.framework; includeInIndex = 0; path = Pods_letsMeetTests.framework; sourceTree = BUILT_PRODUCTS_DIR; };
		7E9B84B2FD4F3A715A3637DA /* Pods-letsMeetTests.release.xcconfig */ = {isa = PBXFileReference; includeInIndex = 1; lastKnownFileType = text.xcconfig; name = "Pods-letsMeetTests.release.xcconfig"; path = "Pods/Target Support Files/Pods-letsMeetTests/Pods-letsMeetTests.release.xcconfig"; sourceTree = "<group>"; };
		8710874524C3B01ADED92503 /* Pods-letsMeetUITests.release.xcconfig */ = {isa = PBXFileReference; includeInIndex = 1; lastKnownFileType = text.xcconfig; name = "Pods-letsMeetUITests.release.xcconfig"; path = "Pods/Target Support Files/Pods-letsMeetUITests/Pods-letsMeetUITests.release.xcconfig"; sourceTree = "<group>"; };
		964623D6F259988701A143AC /* Pods-letsMeet.release.xcconfig */ = {isa = PBXFileReference; includeInIndex = 1; lastKnownFileType = text.xcconfig; name = "Pods-letsMeet.release.xcconfig"; path = "Pods/Target Support Files/Pods-letsMeet/Pods-letsMeet.release.xcconfig"; sourceTree = "<group>"; };
		EE53E8811A31232CEFA8A62C /* Pods_letsMeetUITests.framework */ = {isa = PBXFileReference; explicitFileType = wrapper.framework; includeInIndex = 0; path = Pods_letsMeetUITests.framework; sourceTree = BUILT_PRODUCTS_DIR; };
/* End PBXFileReference section */

/* Begin PBXFrameworksBuildPhase section */
		445C24A72125F2F200955FAF /* Frameworks */ = {
			isa = PBXFrameworksBuildPhase;
			buildActionMask = 2147483647;
			files = (
				455E396ECA7BFD5754B2DE7C /* Pods_letsMeet.framework in Frameworks */,
			);
			runOnlyForDeploymentPostprocessing = 0;
		};
		445C24BB2125F2F400955FAF /* Frameworks */ = {
			isa = PBXFrameworksBuildPhase;
			buildActionMask = 2147483647;
			files = (
				CCC1192FDCE106C40DA17E9C /* Pods_letsMeetTests.framework in Frameworks */,
			);
			runOnlyForDeploymentPostprocessing = 0;
		};
		445C24C62125F2F400955FAF /* Frameworks */ = {
			isa = PBXFrameworksBuildPhase;
			buildActionMask = 2147483647;
			files = (
				8D2758661A9BD33BC9DB9A1C /* Pods_letsMeetUITests.framework in Frameworks */,
			);
			runOnlyForDeploymentPostprocessing = 0;
		};
/* End PBXFrameworksBuildPhase section */

/* Begin PBXGroup section */
		445C24A12125F2F200955FAF = {
			isa = PBXGroup;
			children = (
				445C24AC2125F2F200955FAF /* letsMeet */,
				445C24C12125F2F400955FAF /* letsMeetTests */,
				445C24CC2125F2F400955FAF /* letsMeetUITests */,
				445C24AB2125F2F200955FAF /* Products */,
				66DE80774D57B628A3CD9821 /* Pods */,
				D01E2E3E6DE4355FD1D4BC30 /* Frameworks */,
			);
			sourceTree = "<group>";
		};
		445C24AB2125F2F200955FAF /* Products */ = {
			isa = PBXGroup;
			children = (
				445C24AA2125F2F200955FAF /* letsMeet.app */,
				445C24BE2125F2F400955FAF /* letsMeetTests.xctest */,
				445C24C92125F2F400955FAF /* letsMeetUITests.xctest */,
			);
			name = Products;
			sourceTree = "<group>";
		};
		445C24AC2125F2F200955FAF /* letsMeet */ = {
			isa = PBXGroup;
			children = (
				446EE9592139B85200F639AA /* ViewControllers */,
				446EE9582139B83B00F639AA /* Models */,
				445C24AD2125F2F200955FAF /* AppDelegate.swift */,
				445C24B12125F2F200955FAF /* Main.storyboard */,
				445C24B42125F2F300955FAF /* Assets.xcassets */,
				445C24B62125F2F300955FAF /* LaunchScreen.storyboard */,
				445C24B92125F2F300955FAF /* Info.plist */,
			);
			path = letsMeet;
			sourceTree = "<group>";
		};
		445C24C12125F2F400955FAF /* letsMeetTests */ = {
			isa = PBXGroup;
			children = (
				445C24C22125F2F400955FAF /* letsMeetTests.swift */,
				445C24C42125F2F400955FAF /* Info.plist */,
			);
			path = letsMeetTests;
			sourceTree = "<group>";
		};
		445C24CC2125F2F400955FAF /* letsMeetUITests */ = {
			isa = PBXGroup;
			children = (
				445C24CD2125F2F400955FAF /* letsMeetUITests.swift */,
				445C24CF2125F2F400955FAF /* Info.plist */,
			);
			path = letsMeetUITests;
			sourceTree = "<group>";
		};
		446EE9582139B83B00F639AA /* Models */ = {
			isa = PBXGroup;
			children = (
				446EE9542139B3A900F639AA /* User.swift */,
				446EE9562139B7CE00F639AA /* Event.swift */,
			);
			path = Models;
			sourceTree = "<group>";
		};
		446EE9592139B85200F639AA /* ViewControllers */ = {
			isa = PBXGroup;
			children = (
				446EE9522139B10000F639AA /* LoginViewController.swift */,
				385EEA0721360C35006764A4 /* MainViewController.swift */,
				446EE95A2139B8B700F639AA /* SignUpViewController.swift */,
			);
			path = ViewControllers;
			sourceTree = "<group>";
		};
		66DE80774D57B628A3CD9821 /* Pods */ = {
			isa = PBXGroup;
			children = (
				73C8926E1F13A5EFF6BC5852 /* Pods-letsMeet.debug.xcconfig */,
				964623D6F259988701A143AC /* Pods-letsMeet.release.xcconfig */,
				09E824D63E594E607387791C /* Pods-letsMeetTests.debug.xcconfig */,
				7E9B84B2FD4F3A715A3637DA /* Pods-letsMeetTests.release.xcconfig */,
				3466BD9C459A672B141DC35F /* Pods-letsMeetUITests.debug.xcconfig */,
				8710874524C3B01ADED92503 /* Pods-letsMeetUITests.release.xcconfig */,
			);
			name = Pods;
			sourceTree = "<group>";
		};
		D01E2E3E6DE4355FD1D4BC30 /* Frameworks */ = {
			isa = PBXGroup;
			children = (
				71B40AD442F6FD027B8CE89A /* Pods_letsMeet.framework */,
				76C5CA48490573563860A2BA /* Pods_letsMeetTests.framework */,
				EE53E8811A31232CEFA8A62C /* Pods_letsMeetUITests.framework */,
			);
			name = Frameworks;
			sourceTree = "<group>";
		};
/* End PBXGroup section */

/* Begin PBXNativeTarget section */
		445C24A92125F2F200955FAF /* letsMeet */ = {
			isa = PBXNativeTarget;
			buildConfigurationList = 445C24D22125F2F400955FAF /* Build configuration list for PBXNativeTarget "letsMeet" */;
			buildPhases = (
				20988384DB09ACBFA5819D9D /* [CP] Check Pods Manifest.lock */,
				445C24A62125F2F200955FAF /* Sources */,
				445C24A72125F2F200955FAF /* Frameworks */,
				445C24A82125F2F200955FAF /* Resources */,
				654498055A90209C4C0AD9CB /* [CP] Embed Pods Frameworks */,
			);
			buildRules = (
			);
			dependencies = (
			);
			name = letsMeet;
			productName = letsMeet;
			productReference = 445C24AA2125F2F200955FAF /* letsMeet.app */;
			productType = "com.apple.product-type.application";
		};
		445C24BD2125F2F400955FAF /* letsMeetTests */ = {
			isa = PBXNativeTarget;
			buildConfigurationList = 445C24D52125F2F400955FAF /* Build configuration list for PBXNativeTarget "letsMeetTests" */;
			buildPhases = (
				B670C0512B265ADAD4523F38 /* [CP] Check Pods Manifest.lock */,
				445C24BA2125F2F400955FAF /* Sources */,
				445C24BB2125F2F400955FAF /* Frameworks */,
				445C24BC2125F2F400955FAF /* Resources */,
			);
			buildRules = (
			);
			dependencies = (
				445C24C02125F2F400955FAF /* PBXTargetDependency */,
			);
			name = letsMeetTests;
			productName = letsMeetTests;
			productReference = 445C24BE2125F2F400955FAF /* letsMeetTests.xctest */;
			productType = "com.apple.product-type.bundle.unit-test";
		};
		445C24C82125F2F400955FAF /* letsMeetUITests */ = {
			isa = PBXNativeTarget;
			buildConfigurationList = 445C24D82125F2F400955FAF /* Build configuration list for PBXNativeTarget "letsMeetUITests" */;
			buildPhases = (
				5828E4820EDD4BDAF9C0F96D /* [CP] Check Pods Manifest.lock */,
				445C24C52125F2F400955FAF /* Sources */,
				445C24C62125F2F400955FAF /* Frameworks */,
				445C24C72125F2F400955FAF /* Resources */,
			);
			buildRules = (
			);
			dependencies = (
				445C24CB2125F2F400955FAF /* PBXTargetDependency */,
			);
			name = letsMeetUITests;
			productName = letsMeetUITests;
			productReference = 445C24C92125F2F400955FAF /* letsMeetUITests.xctest */;
			productType = "com.apple.product-type.bundle.ui-testing";
		};
/* End PBXNativeTarget section */

/* Begin PBXProject section */
		445C24A22125F2F200955FAF /* Project object */ = {
			isa = PBXProject;
			attributes = {
				LastSwiftUpdateCheck = 0940;
				LastUpgradeCheck = 0940;
				ORGANIZATIONNAME = "Jigyasaa Sood";
				TargetAttributes = {
					445C24A92125F2F200955FAF = {
						CreatedOnToolsVersion = 9.4.1;
						LastSwiftMigration = 0940;
					};
					445C24BD2125F2F400955FAF = {
						CreatedOnToolsVersion = 9.4.1;
						TestTargetID = 445C24A92125F2F200955FAF;
					};
					445C24C82125F2F400955FAF = {
						CreatedOnToolsVersion = 9.4.1;
						TestTargetID = 445C24A92125F2F200955FAF;
					};
				};
			};
			buildConfigurationList = 445C24A52125F2F200955FAF /* Build configuration list for PBXProject "letsMeet" */;
			compatibilityVersion = "Xcode 9.3";
			developmentRegion = en;
			hasScannedForEncodings = 0;
			knownRegions = (
				en,
				Base,
			);
			mainGroup = 445C24A12125F2F200955FAF;
			productRefGroup = 445C24AB2125F2F200955FAF /* Products */;
			projectDirPath = "";
			projectRoot = "";
			targets = (
				445C24A92125F2F200955FAF /* letsMeet */,
				445C24BD2125F2F400955FAF /* letsMeetTests */,
				445C24C82125F2F400955FAF /* letsMeetUITests */,
			);
		};
/* End PBXProject section */

/* Begin PBXResourcesBuildPhase section */
		445C24A82125F2F200955FAF /* Resources */ = {
			isa = PBXResourcesBuildPhase;
			buildActionMask = 2147483647;
			files = (
				445C24B82125F2F300955FAF /* LaunchScreen.storyboard in Resources */,
				445C24B52125F2F300955FAF /* Assets.xcassets in Resources */,
				445C24B32125F2F200955FAF /* Main.storyboard in Resources */,
			);
			runOnlyForDeploymentPostprocessing = 0;
		};
		445C24BC2125F2F400955FAF /* Resources */ = {
			isa = PBXResourcesBuildPhase;
			buildActionMask = 2147483647;
			files = (
			);
			runOnlyForDeploymentPostprocessing = 0;
		};
		445C24C72125F2F400955FAF /* Resources */ = {
			isa = PBXResourcesBuildPhase;
			buildActionMask = 2147483647;
			files = (
			);
			runOnlyForDeploymentPostprocessing = 0;
		};
/* End PBXResourcesBuildPhase section */

/* Begin PBXShellScriptBuildPhase section */
		20988384DB09ACBFA5819D9D /* [CP] Check Pods Manifest.lock */ = {
			isa = PBXShellScriptBuildPhase;
			buildActionMask = 2147483647;
			files = (
			);
			inputPaths = (
				"${PODS_PODFILE_DIR_PATH}/Podfile.lock",
				"${PODS_ROOT}/Manifest.lock",
			);
			name = "[CP] Check Pods Manifest.lock";
			outputPaths = (
				"$(DERIVED_FILE_DIR)/Pods-letsMeet-checkManifestLockResult.txt",
			);
			runOnlyForDeploymentPostprocessing = 0;
			shellPath = /bin/sh;
			shellScript = "diff \"${PODS_PODFILE_DIR_PATH}/Podfile.lock\" \"${PODS_ROOT}/Manifest.lock\" > /dev/null\nif [ $? != 0 ] ; then\n    # print error to STDERR\n    echo \"error: The sandbox is not in sync with the Podfile.lock. Run 'pod install' or update your CocoaPods installation.\" >&2\n    exit 1\nfi\n# This output is used by Xcode 'outputs' to avoid re-running this script phase.\necho \"SUCCESS\" > \"${SCRIPT_OUTPUT_FILE_0}\"\n";
			showEnvVarsInLog = 0;
		};
		5828E4820EDD4BDAF9C0F96D /* [CP] Check Pods Manifest.lock */ = {
			isa = PBXShellScriptBuildPhase;
			buildActionMask = 2147483647;
			files = (
			);
			inputPaths = (
				"${PODS_PODFILE_DIR_PATH}/Podfile.lock",
				"${PODS_ROOT}/Manifest.lock",
			);
			name = "[CP] Check Pods Manifest.lock";
			outputPaths = (
				"$(DERIVED_FILE_DIR)/Pods-letsMeetUITests-checkManifestLockResult.txt",
			);
			runOnlyForDeploymentPostprocessing = 0;
			shellPath = /bin/sh;
			shellScript = "diff \"${PODS_PODFILE_DIR_PATH}/Podfile.lock\" \"${PODS_ROOT}/Manifest.lock\" > /dev/null\nif [ $? != 0 ] ; then\n    # print error to STDERR\n    echo \"error: The sandbox is not in sync with the Podfile.lock. Run 'pod install' or update your CocoaPods installation.\" >&2\n    exit 1\nfi\n# This output is used by Xcode 'outputs' to avoid re-running this script phase.\necho \"SUCCESS\" > \"${SCRIPT_OUTPUT_FILE_0}\"\n";
			showEnvVarsInLog = 0;
		};
		654498055A90209C4C0AD9CB /* [CP] Embed Pods Frameworks */ = {
			isa = PBXShellScriptBuildPhase;
			buildActionMask = 2147483647;
			files = (
			);
			inputPaths = (
				"${SRCROOT}/Pods/Target Support Files/Pods-letsMeet/Pods-letsMeet-frameworks.sh",
				"${BUILT_PRODUCTS_DIR}/Bolts/Bolts.framework",
				"${BUILT_PRODUCTS_DIR}/Parse/Parse.framework",
			);
			name = "[CP] Embed Pods Frameworks";
			outputPaths = (
				"${TARGET_BUILD_DIR}/${FRAMEWORKS_FOLDER_PATH}/Bolts.framework",
				"${TARGET_BUILD_DIR}/${FRAMEWORKS_FOLDER_PATH}/Parse.framework",
			);
			runOnlyForDeploymentPostprocessing = 0;
			shellPath = /bin/sh;
			shellScript = "\"${SRCROOT}/Pods/Target Support Files/Pods-letsMeet/Pods-letsMeet-frameworks.sh\"\n";
			showEnvVarsInLog = 0;
		};
		B670C0512B265ADAD4523F38 /* [CP] Check Pods Manifest.lock */ = {
			isa = PBXShellScriptBuildPhase;
			buildActionMask = 2147483647;
			files = (
			);
			inputPaths = (
				"${PODS_PODFILE_DIR_PATH}/Podfile.lock",
				"${PODS_ROOT}/Manifest.lock",
			);
			name = "[CP] Check Pods Manifest.lock";
			outputPaths = (
				"$(DERIVED_FILE_DIR)/Pods-letsMeetTests-checkManifestLockResult.txt",
			);
			runOnlyForDeploymentPostprocessing = 0;
			shellPath = /bin/sh;
			shellScript = "diff \"${PODS_PODFILE_DIR_PATH}/Podfile.lock\" \"${PODS_ROOT}/Manifest.lock\" > /dev/null\nif [ $? != 0 ] ; then\n    # print error to STDERR\n    echo \"error: The sandbox is not in sync with the Podfile.lock. Run 'pod install' or update your CocoaPods installation.\" >&2\n    exit 1\nfi\n# This output is used by Xcode 'outputs' to avoid re-running this script phase.\necho \"SUCCESS\" > \"${SCRIPT_OUTPUT_FILE_0}\"\n";
			showEnvVarsInLog = 0;
		};
/* End PBXShellScriptBuildPhase section */

/* Begin PBXSourcesBuildPhase section */
		445C24A62125F2F200955FAF /* Sources */ = {
			isa = PBXSourcesBuildPhase;
			buildActionMask = 2147483647;
			files = (
				446EE95B2139B8B700F639AA /* SignUpViewController.swift in Sources */,
				446EE9552139B3A900F639AA /* User.swift in Sources */,
				446EE9532139B10000F639AA /* LoginViewController.swift in Sources */,
				445C24AE2125F2F200955FAF /* AppDelegate.swift in Sources */,
				385EEA0821360C35006764A4 /* MainViewController.swift in Sources */,
				446EE9572139B7CE00F639AA /* Event.swift in Sources */,
			);
			runOnlyForDeploymentPostprocessing = 0;
		};
		445C24BA2125F2F400955FAF /* Sources */ = {
			isa = PBXSourcesBuildPhase;
			buildActionMask = 2147483647;
			files = (
				445C24C32125F2F400955FAF /* letsMeetTests.swift in Sources */,
			);
			runOnlyForDeploymentPostprocessing = 0;
		};
		445C24C52125F2F400955FAF /* Sources */ = {
			isa = PBXSourcesBuildPhase;
			buildActionMask = 2147483647;
			files = (
				445C24CE2125F2F400955FAF /* letsMeetUITests.swift in Sources */,
			);
			runOnlyForDeploymentPostprocessing = 0;
		};
/* End PBXSourcesBuildPhase section */

/* Begin PBXTargetDependency section */
		445C24C02125F2F400955FAF /* PBXTargetDependency */ = {
			isa = PBXTargetDependency;
			target = 445C24A92125F2F200955FAF /* letsMeet */;
			targetProxy = 445C24BF2125F2F400955FAF /* PBXContainerItemProxy */;
		};
		445C24CB2125F2F400955FAF /* PBXTargetDependency */ = {
			isa = PBXTargetDependency;
			target = 445C24A92125F2F200955FAF /* letsMeet */;
			targetProxy = 445C24CA2125F2F400955FAF /* PBXContainerItemProxy */;
		};
/* End PBXTargetDependency section */

/* Begin PBXVariantGroup section */
		445C24B12125F2F200955FAF /* Main.storyboard */ = {
			isa = PBXVariantGroup;
			children = (
				445C24B22125F2F200955FAF /* Base */,
			);
			name = Main.storyboard;
			sourceTree = "<group>";
		};
		445C24B62125F2F300955FAF /* LaunchScreen.storyboard */ = {
			isa = PBXVariantGroup;
			children = (
				445C24B72125F2F300955FAF /* Base */,
			);
			name = LaunchScreen.storyboard;
			sourceTree = "<group>";
		};
/* End PBXVariantGroup section */

/* Begin XCBuildConfiguration section */
		445C24D02125F2F400955FAF /* Debug */ = {
			isa = XCBuildConfiguration;
			buildSettings = {
				ALWAYS_SEARCH_USER_PATHS = NO;
				CLANG_ANALYZER_NONNULL = YES;
				CLANG_ANALYZER_NUMBER_OBJECT_CONVERSION = YES_AGGRESSIVE;
				CLANG_CXX_LANGUAGE_STANDARD = "gnu++14";
				CLANG_CXX_LIBRARY = "libc++";
				CLANG_ENABLE_MODULES = YES;
				CLANG_ENABLE_OBJC_ARC = YES;
				CLANG_ENABLE_OBJC_WEAK = YES;
				CLANG_WARN_BLOCK_CAPTURE_AUTORELEASING = YES;
				CLANG_WARN_BOOL_CONVERSION = YES;
				CLANG_WARN_COMMA = YES;
				CLANG_WARN_CONSTANT_CONVERSION = YES;
				CLANG_WARN_DEPRECATED_OBJC_IMPLEMENTATIONS = YES;
				CLANG_WARN_DIRECT_OBJC_ISA_USAGE = YES_ERROR;
				CLANG_WARN_DOCUMENTATION_COMMENTS = YES;
				CLANG_WARN_EMPTY_BODY = YES;
				CLANG_WARN_ENUM_CONVERSION = YES;
				CLANG_WARN_INFINITE_RECURSION = YES;
				CLANG_WARN_INT_CONVERSION = YES;
				CLANG_WARN_NON_LITERAL_NULL_CONVERSION = YES;
				CLANG_WARN_OBJC_IMPLICIT_RETAIN_SELF = YES;
				CLANG_WARN_OBJC_LITERAL_CONVERSION = YES;
				CLANG_WARN_OBJC_ROOT_CLASS = YES_ERROR;
				CLANG_WARN_RANGE_LOOP_ANALYSIS = YES;
				CLANG_WARN_STRICT_PROTOTYPES = YES;
				CLANG_WARN_SUSPICIOUS_MOVE = YES;
				CLANG_WARN_UNGUARDED_AVAILABILITY = YES_AGGRESSIVE;
				CLANG_WARN_UNREACHABLE_CODE = YES;
				CLANG_WARN__DUPLICATE_METHOD_MATCH = YES;
				CODE_SIGN_IDENTITY = "iPhone Developer";
				COPY_PHASE_STRIP = NO;
				DEBUG_INFORMATION_FORMAT = dwarf;
				ENABLE_STRICT_OBJC_MSGSEND = YES;
				ENABLE_TESTABILITY = YES;
				GCC_C_LANGUAGE_STANDARD = gnu11;
				GCC_DYNAMIC_NO_PIC = NO;
				GCC_NO_COMMON_BLOCKS = YES;
				GCC_OPTIMIZATION_LEVEL = 0;
				GCC_PREPROCESSOR_DEFINITIONS = (
					"DEBUG=1",
					"$(inherited)",
				);
				GCC_WARN_64_TO_32_BIT_CONVERSION = YES;
				GCC_WARN_ABOUT_RETURN_TYPE = YES_ERROR;
				GCC_WARN_UNDECLARED_SELECTOR = YES;
				GCC_WARN_UNINITIALIZED_AUTOS = YES_AGGRESSIVE;
				GCC_WARN_UNUSED_FUNCTION = YES;
				GCC_WARN_UNUSED_VARIABLE = YES;
				IPHONEOS_DEPLOYMENT_TARGET = 11.4;
				MTL_ENABLE_DEBUG_INFO = YES;
				ONLY_ACTIVE_ARCH = YES;
				SDKROOT = iphoneos;
				SWIFT_ACTIVE_COMPILATION_CONDITIONS = DEBUG;
				SWIFT_OPTIMIZATION_LEVEL = "-Onone";
			};
			name = Debug;
		};
		445C24D12125F2F400955FAF /* Release */ = {
			isa = XCBuildConfiguration;
			buildSettings = {
				ALWAYS_SEARCH_USER_PATHS = NO;
				CLANG_ANALYZER_NONNULL = YES;
				CLANG_ANALYZER_NUMBER_OBJECT_CONVERSION = YES_AGGRESSIVE;
				CLANG_CXX_LANGUAGE_STANDARD = "gnu++14";
				CLANG_CXX_LIBRARY = "libc++";
				CLANG_ENABLE_MODULES = YES;
				CLANG_ENABLE_OBJC_ARC = YES;
				CLANG_ENABLE_OBJC_WEAK = YES;
				CLANG_WARN_BLOCK_CAPTURE_AUTORELEASING = YES;
				CLANG_WARN_BOOL_CONVERSION = YES;
				CLANG_WARN_COMMA = YES;
				CLANG_WARN_CONSTANT_CONVERSION = YES;
				CLANG_WARN_DEPRECATED_OBJC_IMPLEMENTATIONS = YES;
				CLANG_WARN_DIRECT_OBJC_ISA_USAGE = YES_ERROR;
				CLANG_WARN_DOCUMENTATION_COMMENTS = YES;
				CLANG_WARN_EMPTY_BODY = YES;
				CLANG_WARN_ENUM_CONVERSION = YES;
				CLANG_WARN_INFINITE_RECURSION = YES;
				CLANG_WARN_INT_CONVERSION = YES;
				CLANG_WARN_NON_LITERAL_NULL_CONVERSION = YES;
				CLANG_WARN_OBJC_IMPLICIT_RETAIN_SELF = YES;
				CLANG_WARN_OBJC_LITERAL_CONVERSION = YES;
				CLANG_WARN_OBJC_ROOT_CLASS = YES_ERROR;
				CLANG_WARN_RANGE_LOOP_ANALYSIS = YES;
				CLANG_WARN_STRICT_PROTOTYPES = YES;
				CLANG_WARN_SUSPICIOUS_MOVE = YES;
				CLANG_WARN_UNGUARDED_AVAILABILITY = YES_AGGRESSIVE;
				CLANG_WARN_UNREACHABLE_CODE = YES;
				CLANG_WARN__DUPLICATE_METHOD_MATCH = YES;
				CODE_SIGN_IDENTITY = "iPhone Developer";
				COPY_PHASE_STRIP = NO;
				DEBUG_INFORMATION_FORMAT = "dwarf-with-dsym";
				ENABLE_NS_ASSERTIONS = NO;
				ENABLE_STRICT_OBJC_MSGSEND = YES;
				GCC_C_LANGUAGE_STANDARD = gnu11;
				GCC_NO_COMMON_BLOCKS = YES;
				GCC_WARN_64_TO_32_BIT_CONVERSION = YES;
				GCC_WARN_ABOUT_RETURN_TYPE = YES_ERROR;
				GCC_WARN_UNDECLARED_SELECTOR = YES;
				GCC_WARN_UNINITIALIZED_AUTOS = YES_AGGRESSIVE;
				GCC_WARN_UNUSED_FUNCTION = YES;
				GCC_WARN_UNUSED_VARIABLE = YES;
				IPHONEOS_DEPLOYMENT_TARGET = 11.4;
				MTL_ENABLE_DEBUG_INFO = NO;
				SDKROOT = iphoneos;
				SWIFT_COMPILATION_MODE = wholemodule;
				SWIFT_OPTIMIZATION_LEVEL = "-O";
				VALIDATE_PRODUCT = YES;
			};
			name = Release;
		};
		445C24D32125F2F400955FAF /* Debug */ = {
			isa = XCBuildConfiguration;
			baseConfigurationReference = 73C8926E1F13A5EFF6BC5852 /* Pods-letsMeet.debug.xcconfig */;
			buildSettings = {
				ASSETCATALOG_COMPILER_APPICON_NAME = AppIcon;
				CLANG_ENABLE_MODULES = YES;
				CODE_SIGN_STYLE = Automatic;
				INFOPLIST_FILE = letsMeet/Info.plist;
				LD_RUNPATH_SEARCH_PATHS = (
					"$(inherited)",
					"@executable_path/Frameworks",
				);
				PRODUCT_BUNDLE_IDENTIFIER = girlscode.letsMeet;
				PRODUCT_NAME = "$(TARGET_NAME)";
				SWIFT_OBJC_BRIDGING_HEADER = "letsMeet/letsMeet-Bridging-Header.h";
				SWIFT_OPTIMIZATION_LEVEL = "-Onone";
				SWIFT_VERSION = 4.0;
				TARGETED_DEVICE_FAMILY = "1,2";
			};
			name = Debug;
		};
		445C24D42125F2F400955FAF /* Release */ = {
			isa = XCBuildConfiguration;
			baseConfigurationReference = 964623D6F259988701A143AC /* Pods-letsMeet.release.xcconfig */;
			buildSettings = {
				ASSETCATALOG_COMPILER_APPICON_NAME = AppIcon;
				CLANG_ENABLE_MODULES = YES;
				CODE_SIGN_STYLE = Automatic;
				INFOPLIST_FILE = letsMeet/Info.plist;
				LD_RUNPATH_SEARCH_PATHS = (
					"$(inherited)",
					"@executable_path/Frameworks",
				);
				PRODUCT_BUNDLE_IDENTIFIER = girlscode.letsMeet;
				PRODUCT_NAME = "$(TARGET_NAME)";
				SWIFT_OBJC_BRIDGING_HEADER = "letsMeet/letsMeet-Bridging-Header.h";
				SWIFT_VERSION = 4.0;
				TARGETED_DEVICE_FAMILY = "1,2";
			};
			name = Release;
		};
		445C24D62125F2F400955FAF /* Debug */ = {
			isa = XCBuildConfiguration;
			baseConfigurationReference = 09E824D63E594E607387791C /* Pods-letsMeetTests.debug.xcconfig */;
			buildSettings = {
				ALWAYS_EMBED_SWIFT_STANDARD_LIBRARIES = YES;
				BUNDLE_LOADER = "$(TEST_HOST)";
				CODE_SIGN_STYLE = Automatic;
				INFOPLIST_FILE = letsMeetTests/Info.plist;
				LD_RUNPATH_SEARCH_PATHS = (
					"$(inherited)",
					"@executable_path/Frameworks",
					"@loader_path/Frameworks",
				);
				PRODUCT_BUNDLE_IDENTIFIER = girlscode.letsMeetTests;
				PRODUCT_NAME = "$(TARGET_NAME)";
				SWIFT_VERSION = 4.0;
				TARGETED_DEVICE_FAMILY = "1,2";
				TEST_HOST = "$(BUILT_PRODUCTS_DIR)/letsMeet.app/letsMeet";
			};
			name = Debug;
		};
		445C24D72125F2F400955FAF /* Release */ = {
			isa = XCBuildConfiguration;
			baseConfigurationReference = 7E9B84B2FD4F3A715A3637DA /* Pods-letsMeetTests.release.xcconfig */;
			buildSettings = {
				ALWAYS_EMBED_SWIFT_STANDARD_LIBRARIES = YES;
				BUNDLE_LOADER = "$(TEST_HOST)";
				CODE_SIGN_STYLE = Automatic;
				INFOPLIST_FILE = letsMeetTests/Info.plist;
				LD_RUNPATH_SEARCH_PATHS = (
					"$(inherited)",
					"@executable_path/Frameworks",
					"@loader_path/Frameworks",
				);
				PRODUCT_BUNDLE_IDENTIFIER = girlscode.letsMeetTests;
				PRODUCT_NAME = "$(TARGET_NAME)";
				SWIFT_VERSION = 4.0;
				TARGETED_DEVICE_FAMILY = "1,2";
				TEST_HOST = "$(BUILT_PRODUCTS_DIR)/letsMeet.app/letsMeet";
			};
			name = Release;
		};
		445C24D92125F2F400955FAF /* Debug */ = {
			isa = XCBuildConfiguration;
			baseConfigurationReference = 3466BD9C459A672B141DC35F /* Pods-letsMeetUITests.debug.xcconfig */;
			buildSettings = {
				ALWAYS_EMBED_SWIFT_STANDARD_LIBRARIES = YES;
				CODE_SIGN_STYLE = Automatic;
				INFOPLIST_FILE = letsMeetUITests/Info.plist;
				LD_RUNPATH_SEARCH_PATHS = (
					"$(inherited)",
					"@executable_path/Frameworks",
					"@loader_path/Frameworks",
				);
				PRODUCT_BUNDLE_IDENTIFIER = girlscode.letsMeetUITests;
				PRODUCT_NAME = "$(TARGET_NAME)";
				SWIFT_VERSION = 4.0;
				TARGETED_DEVICE_FAMILY = "1,2";
				TEST_TARGET_NAME = letsMeet;
			};
			name = Debug;
		};
		445C24DA2125F2F400955FAF /* Release */ = {
			isa = XCBuildConfiguration;
			baseConfigurationReference = 8710874524C3B01ADED92503 /* Pods-letsMeetUITests.release.xcconfig */;
			buildSettings = {
				ALWAYS_EMBED_SWIFT_STANDARD_LIBRARIES = YES;
				CODE_SIGN_STYLE = Automatic;
				INFOPLIST_FILE = letsMeetUITests/Info.plist;
				LD_RUNPATH_SEARCH_PATHS = (
					"$(inherited)",
					"@executable_path/Frameworks",
					"@loader_path/Frameworks",
				);
				PRODUCT_BUNDLE_IDENTIFIER = girlscode.letsMeetUITests;
				PRODUCT_NAME = "$(TARGET_NAME)";
				SWIFT_VERSION = 4.0;
				TARGETED_DEVICE_FAMILY = "1,2";
				TEST_TARGET_NAME = letsMeet;
			};
			name = Release;
		};
/* End XCBuildConfiguration section */

/* Begin XCConfigurationList section */
		445C24A52125F2F200955FAF /* Build configuration list for PBXProject "letsMeet" */ = {
			isa = XCConfigurationList;
			buildConfigurations = (
				445C24D02125F2F400955FAF /* Debug */,
				445C24D12125F2F400955FAF /* Release */,
			);
			defaultConfigurationIsVisible = 0;
			defaultConfigurationName = Release;
		};
		445C24D22125F2F400955FAF /* Build configuration list for PBXNativeTarget "letsMeet" */ = {
			isa = XCConfigurationList;
			buildConfigurations = (
				445C24D32125F2F400955FAF /* Debug */,
				445C24D42125F2F400955FAF /* Release */,
			);
			defaultConfigurationIsVisible = 0;
			defaultConfigurationName = Release;
		};
		445C24D52125F2F400955FAF /* Build configuration list for PBXNativeTarget "letsMeetTests" */ = {
			isa = XCConfigurationList;
			buildConfigurations = (
				445C24D62125F2F400955FAF /* Debug */,
				445C24D72125F2F400955FAF /* Release */,
			);
			defaultConfigurationIsVisible = 0;
			defaultConfigurationName = Release;
		};
		445C24D82125F2F400955FAF /* Build configuration list for PBXNativeTarget "letsMeetUITests" */ = {
			isa = XCConfigurationList;
			buildConfigurations = (
				445C24D92125F2F400955FAF /* Debug */,
				445C24DA2125F2F400955FAF /* Release */,
			);
			defaultConfigurationIsVisible = 0;
			defaultConfigurationName = Release;
		};
/* End XCConfigurationList section */
	};
	rootObject = 445C24A22125F2F200955FAF /* Project object */;
}
